
Microsoft Visual Studio Solution File, Format Version 12.00
# Visual Studio Version 16
VisualStudioVersion = 16.0.32630.194
MinimumVisualStudioVersion = 10.0.40219.1
Project("{FAE04EC0-301F-11D3-BF4B-00C04F79EFBC}") = "Ejercicio1", "Ejercicio1\Ejercicio1.csproj", "{70CF3150-D2CF-4174-BF4A-4F3CD7DA5350}"
EndProject
Global
	GlobalSection(SolutionConfigurationPlatforms) = preSolution
		Debug|Any CPU = Debug|Any CPU
		Release|Any CPU = Release|Any CPU
	EndGlobalSection
	GlobalSection(ProjectConfigurationPlatforms) = postSolution
		{70CF3150-D2CF-4174-BF4A-4F3CD7DA5350}.Debug|Any CPU.ActiveCfg = Debug|Any CPU
		{70CF3150-D2CF-4174-BF4A-4F3CD7DA5350}.Debug|Any CPU.Build.0 = Debug|Any CPU
		{70CF3150-D2CF-4174-BF4A-4F3CD7DA5350}.Release|Any CPU.ActiveCfg = Release|Any CPU
		{70CF3150-D2CF-4174-BF4A-4F3CD7DA5350}.Release|Any CPU.Build.0 = Release|Any CPU
	EndGlobalSection
	GlobalSection(SolutionProperties) = preSolution
		HideSolutionNode = FALSE
	EndGlobalSection
	GlobalSection(ExtensibilityGlobals) = postSolution
		SolutionGuid = {3C146F10-6AF2-4A63-8305-B31329C61FC0}
	EndGlobalSection
EndGlobal
